
Microsoft Visual Studio Solution File, Format Version 12.00
# Visual Studio Version 16
VisualStudioVersion = 16.0.30128.74
MinimumVisualStudioVersion = 10.0.40219.1
Project("{FAE04EC0-301F-11D3-BF4B-00C04F79EFBC}") = "ConsoleAppLesson5", "ConsoleAppLesson5\ConsoleAppLesson5.csproj", "{087BFA5A-41F8-4C5F-9AEE-E555E34732CC}"
EndProject
Global
	GlobalSection(SolutionConfigurationPlatforms) = preSolution
		Debug|Any CPU = Debug|Any CPU
		Release|Any CPU = Release|Any CPU
	EndGlobalSection
	GlobalSection(ProjectConfigurationPlatforms) = postSolution
		{087BFA5A-41F8-4C5F-9AEE-E555E34732CC}.Debug|Any CPU.ActiveCfg = Debug|Any CPU
		{087BFA5A-41F8-4C5F-9AEE-E555E34732CC}.Debug|Any CPU.Build.0 = Debug|Any CPU
		{087BFA5A-41F8-4C5F-9AEE-E555E34732CC}.Release|Any CPU.ActiveCfg = Release|Any CPU
		{087BFA5A-41F8-4C5F-9AEE-E555E34732CC}.Release|Any CPU.Build.0 = Release|Any CPU
	EndGlobalSection
	GlobalSection(SolutionProperties) = preSolution
		HideSolutionNode = FALSE
	EndGlobalSection
	GlobalSection(ExtensibilityGlobals) = postSolution
		SolutionGuid = {67E62C4F-1829-4270-A31A-F22B1727CC70}
	EndGlobalSection
EndGlobal
