
Microsoft Visual Studio Solution File, Format Version 12.00
# Visual Studio Version 16
VisualStudioVersion = 16.0.30128.74
MinimumVisualStudioVersion = 10.0.40219.1
Project("{FAE04EC0-301F-11D3-BF4B-00C04F79EFBC}") = "ConsoleAppLesson2", "ConsoleAppLesson2\ConsoleAppLesson2.csproj", "{BDEB6CB6-4859-42EF-85F5-7F90AD312CFC}"
EndProject
Global
	GlobalSection(SolutionConfigurationPlatforms) = preSolution
		Debug|Any CPU = Debug|Any CPU
		Release|Any CPU = Release|Any CPU
	EndGlobalSection
	GlobalSection(ProjectConfigurationPlatforms) = postSolution
		{BDEB6CB6-4859-42EF-85F5-7F90AD312CFC}.Debug|Any CPU.ActiveCfg = Debug|Any CPU
		{BDEB6CB6-4859-42EF-85F5-7F90AD312CFC}.Debug|Any CPU.Build.0 = Debug|Any CPU
		{BDEB6CB6-4859-42EF-85F5-7F90AD312CFC}.Release|Any CPU.ActiveCfg = Release|Any CPU
		{BDEB6CB6-4859-42EF-85F5-7F90AD312CFC}.Release|Any CPU.Build.0 = Release|Any CPU
	EndGlobalSection
	GlobalSection(SolutionProperties) = preSolution
		HideSolutionNode = FALSE
	EndGlobalSection
	GlobalSection(ExtensibilityGlobals) = postSolution
		SolutionGuid = {5B7EDB8A-DA18-46F4-9E1F-B7D17975DAF7}
	EndGlobalSection
EndGlobal
