
Microsoft Visual Studio Solution File, Format Version 12.00
# Visual Studio Version 16
VisualStudioVersion = 16.0.30128.74
MinimumVisualStudioVersion = 10.0.40219.1
Project("{9A19103F-16F7-4668-BE54-9A1E7A4F7556}") = "WebApplicationHelloWorld", "WebApplicationHelloWorld\WebApplicationHelloWorld.csproj", "{213D4244-2AFB-4EC2-AD88-63B59CE4380F}"
EndProject
Project("{FAE04EC0-301F-11D3-BF4B-00C04F79EFBC}") = "WebApplication1", "WebApplication1\WebApplication1.csproj", "{FCCA0A14-A02F-400E-9D4C-E5F306A7E134}"
EndProject
Global
	GlobalSection(SolutionConfigurationPlatforms) = preSolution
		Debug|Any CPU = Debug|Any CPU
		Release|Any CPU = Release|Any CPU
	EndGlobalSection
	GlobalSection(ProjectConfigurationPlatforms) = postSolution
		{213D4244-2AFB-4EC2-AD88-63B59CE4380F}.Debug|Any CPU.ActiveCfg = Debug|Any CPU
		{213D4244-2AFB-4EC2-AD88-63B59CE4380F}.Debug|Any CPU.Build.0 = Debug|Any CPU
		{213D4244-2AFB-4EC2-AD88-63B59CE4380F}.Release|Any CPU.ActiveCfg = Release|Any CPU
		{213D4244-2AFB-4EC2-AD88-63B59CE4380F}.Release|Any CPU.Build.0 = Release|Any CPU
		{FCCA0A14-A02F-400E-9D4C-E5F306A7E134}.Debug|Any CPU.ActiveCfg = Debug|Any CPU
		{FCCA0A14-A02F-400E-9D4C-E5F306A7E134}.Debug|Any CPU.Build.0 = Debug|Any CPU
		{FCCA0A14-A02F-400E-9D4C-E5F306A7E134}.Release|Any CPU.ActiveCfg = Release|Any CPU
		{FCCA0A14-A02F-400E-9D4C-E5F306A7E134}.Release|Any CPU.Build.0 = Release|Any CPU
	EndGlobalSection
	GlobalSection(SolutionProperties) = preSolution
		HideSolutionNode = FALSE
	EndGlobalSection
	GlobalSection(ExtensibilityGlobals) = postSolution
		SolutionGuid = {F8092861-3BF7-4A76-B18E-18ECF6DF9BEB}
	EndGlobalSection
EndGlobal
