
Microsoft Visual Studio Solution File, Format Version 12.00
# Visual Studio Version 16
VisualStudioVersion = 16.0.30128.74
MinimumVisualStudioVersion = 10.0.40219.1
Project("{FAE04EC0-301F-11D3-BF4B-00C04F79EFBC}") = "ConsoleAppLesson8", "ConsoleAppLesson8\ConsoleAppLesson8.csproj", "{DEA33D1D-85C9-4369-9B15-916F39A4FFC0}"
EndProject
Global
	GlobalSection(SolutionConfigurationPlatforms) = preSolution
		Debug|Any CPU = Debug|Any CPU
		Release|Any CPU = Release|Any CPU
	EndGlobalSection
	GlobalSection(ProjectConfigurationPlatforms) = postSolution
		{DEA33D1D-85C9-4369-9B15-916F39A4FFC0}.Debug|Any CPU.ActiveCfg = Debug|Any CPU
		{DEA33D1D-85C9-4369-9B15-916F39A4FFC0}.Debug|Any CPU.Build.0 = Debug|Any CPU
		{DEA33D1D-85C9-4369-9B15-916F39A4FFC0}.Release|Any CPU.ActiveCfg = Release|Any CPU
		{DEA33D1D-85C9-4369-9B15-916F39A4FFC0}.Release|Any CPU.Build.0 = Release|Any CPU
	EndGlobalSection
	GlobalSection(SolutionProperties) = preSolution
		HideSolutionNode = FALSE
	EndGlobalSection
	GlobalSection(ExtensibilityGlobals) = postSolution
		SolutionGuid = {5EEBAC5C-EC73-4F70-8BE0-9BA642CD9D4C}
	EndGlobalSection
EndGlobal
